
Microsoft Visual Studio Solution File, Format Version 12.00
# Visual Studio Version 16
VisualStudioVersion = 16.0.30717.126
MinimumVisualStudioVersion = 10.0.40219.1
Project("{FAE04EC0-301F-11D3-BF4B-00C04F79EFBC}") = "XamarinApp.UWP", "XamarinApp\XamarinApp.UWP\XamarinApp.UWP.csproj", "{16170AA1-F098-4BE8-8E72-D37F9AF83539}"
EndProject
Project("{FAE04EC0-301F-11D3-BF4B-00C04F79EFBC}") = "XamarinApp.Android", "XamarinApp\XamarinApp.Android\XamarinApp.Android.csproj", "{1C770A40-43CB-4287-B975-5145B1EDC257}"
EndProject
Project("{FAE04EC0-301F-11D3-BF4B-00C04F79EFBC}") = "XamarinApp.iOS", "XamarinApp\XamarinApp.iOS\XamarinApp.iOS.csproj", "{AD2DF82E-2C7C-447E-B66A-429D75612B92}"
EndProject
Project("{FAE04EC0-301F-11D3-BF4B-00C04F79EFBC}") = "XamarinApp", "XamarinApp\XamarinApp\XamarinApp.csproj", "{ECD2DBB6-786C-4539-993E-1DCE38F48E9D}"
EndProject
Global
	GlobalSection(SolutionConfigurationPlatforms) = preSolution
		Debug|Any CPU = Debug|Any CPU
		Debug|ARM = Debug|ARM
		Debug|iPhone = Debug|iPhone
		Debug|iPhoneSimulator = Debug|iPhoneSimulator
		Debug|x64 = Debug|x64
		Debug|x86 = Debug|x86
		Release|Any CPU = Release|Any CPU
		Release|ARM = Release|ARM
		Release|iPhone = Release|iPhone
		Release|iPhoneSimulator = Release|iPhoneSimulator
		Release|x64 = Release|x64
		Release|x86 = Release|x86
	EndGlobalSection
	GlobalSection(ProjectConfigurationPlatforms) = postSolution
		{16170AA1-F098-4BE8-8E72-D37F9AF83539}.Debug|Any CPU.ActiveCfg = Debug|x86
		{16170AA1-F098-4BE8-8E72-D37F9AF83539}.Debug|Any CPU.Build.0 = Debug|x86
		{16170AA1-F098-4BE8-8E72-D37F9AF83539}.Debug|Any CPU.Deploy.0 = Debug|x86
		{16170AA1-F098-4BE8-8E72-D37F9AF83539}.Debug|ARM.ActiveCfg = Debug|ARM
		{16170AA1-F098-4BE8-8E72-D37F9AF83539}.Debug|ARM.Build.0 = Debug|ARM
		{16170AA1-F098-4BE8-8E72-D37F9AF83539}.Debug|ARM.Deploy.0 = Debug|ARM
		{16170AA1-F098-4BE8-8E72-D37F9AF83539}.Debug|iPhone.ActiveCfg = Debug|x86
		{16170AA1-F098-4BE8-8E72-D37F9AF83539}.Debug|iPhone.Build.0 = Debug|x86
		{16170AA1-F098-4BE8-8E72-D37F9AF83539}.Debug|iPhone.Deploy.0 = Debug|x86
		{16170AA1-F098-4BE8-8E72-D37F9AF83539}.Debug|iPhoneSimulator.ActiveCfg = Debug|x86
		{16170AA1-F098-4BE8-8E72-D37F9AF83539}.Debug|iPhoneSimulator.Build.0 = Debug|x86
		{16170AA1-F098-4BE8-8E72-D37F9AF83539}.Debug|iPhoneSimulator.Deploy.0 = Debug|x86
		{16170AA1-F098-4BE8-8E72-D37F9AF83539}.Debug|x64.ActiveCfg = Debug|x64
		{16170AA1-F098-4BE8-8E72-D37F9AF83539}.Debug|x64.Build.0 = Debug|x64
		{16170AA1-F098-4BE8-8E72-D37F9AF83539}.Debug|x64.Deploy.0 = Debug|x64
		{16170AA1-F098-4BE8-8E72-D37F9AF83539}.Debug|x86.ActiveCfg = Debug|x86
		{16170AA1-F098-4BE8-8E72-D37F9AF83539}.Debug|x86.Build.0 = Debug|x86
		{16170AA1-F098-4BE8-8E72-D37F9AF83539}.Debug|x86.Deploy.0 = Debug|x86
		{16170AA1-F098-4BE8-8E72-D37F9AF83539}.Release|Any CPU.ActiveCfg = Release|x86
		{16170AA1-F098-4BE8-8E72-D37F9AF83539}.Release|Any CPU.Build.0 = Release|x86
		{16170AA1-F098-4BE8-8E72-D37F9AF83539}.Release|Any CPU.Deploy.0 = Release|x86
		{16170AA1-F098-4BE8-8E72-D37F9AF83539}.Release|ARM.ActiveCfg = Release|ARM
		{16170AA1-F098-4BE8-8E72-D37F9AF83539}.Release|ARM.Build.0 = Release|ARM
		{16170AA1-F098-4BE8-8E72-D37F9AF83539}.Release|ARM.Deploy.0 = Release|ARM
		{16170AA1-F098-4BE8-8E72-D37F9AF83539}.Release|iPhone.ActiveCfg = Release|x86
		{16170AA1-F098-4BE8-8E72-D37F9AF83539}.Release|iPhone.Build.0 = Release|x86
		{16170AA1-F098-4BE8-8E72-D37F9AF83539}.Release|iPhone.Deploy.0 = Release|x86
		{16170AA1-F098-4BE8-8E72-D37F9AF83539}.Release|iPhoneSimulator.ActiveCfg = Release|x86
		{16170AA1-F098-4BE8-8E72-D37F9AF83539}.Release|iPhoneSimulator.Build.0 = Release|x86
		{16170AA1-F098-4BE8-8E72-D37F9AF83539}.Release|iPhoneSimulator.Deploy.0 = Release|x86
		{16170AA1-F098-4BE8-8E72-D37F9AF83539}.Release|x64.ActiveCfg = Release|x64
		{16170AA1-F098-4BE8-8E72-D37F9AF83539}.Release|x64.Build.0 = Release|x64
		{16170AA1-F098-4BE8-8E72-D37F9AF83539}.Release|x64.Deploy.0 = Release|x64
		{16170AA1-F098-4BE8-8E72-D37F9AF83539}.Release|x86.ActiveCfg = Release|x86
		{16170AA1-F098-4BE8-8E72-D37F9AF83539}.Release|x86.Build.0 = Release|x86
		{16170AA1-F098-4BE8-8E72-D37F9AF83539}.Release|x86.Deploy.0 = Release|x86
		{1C770A40-43CB-4287-B975-5145B1EDC257}.Debug|Any CPU.ActiveCfg = Debug|Any CPU
		{1C770A40-43CB-4287-B975-5145B1EDC257}.Debug|Any CPU.Build.0 = Debug|Any CPU
		{1C770A40-43CB-4287-B975-5145B1EDC257}.Debug|Any CPU.Deploy.0 = Debug|Any CPU
		{1C770A40-43CB-4287-B975-5145B1EDC257}.Debug|ARM.ActiveCfg = Debug|Any CPU
		{1C770A40-43CB-4287-B975-5145B1EDC257}.Debug|ARM.Build.0 = Debug|Any CPU
		{1C770A40-43CB-4287-B975-5145B1EDC257}.Debug|ARM.Deploy.0 = Debug|Any CPU
		{1C770A40-43CB-4287-B975-5145B1EDC257}.Debug|iPhone.ActiveCfg = Debug|Any CPU
		{1C770A40-43CB-4287-B975-5145B1EDC257}.Debug|iPhone.Build.0 = Debug|Any CPU
		{1C770A40-43CB-4287-B975-5145B1EDC257}.Debug|iPhone.Deploy.0 = Debug|Any CPU
		{1C770A40-43CB-4287-B975-5145B1EDC257}.Debug|iPhoneSimulator.ActiveCfg = Debug|Any CPU
		{1C770A40-43CB-4287-B975-5145B1EDC257}.Debug|iPhoneSimulator.Build.0 = Debug|Any CPU
		{1C770A40-43CB-4287-B975-5145B1EDC257}.Debug|iPhoneSimulator.Deploy.0 = Debug|Any CPU
		{1C770A40-43CB-4287-B975-5145B1EDC257}.Debug|x64.ActiveCfg = Debug|Any CPU
		{1C770A40-43CB-4287-B975-5145B1EDC257}.Debug|x64.Build.0 = Debug|Any CPU
		{1C770A40-43CB-4287-B975-5145B1EDC257}.Debug|x64.Deploy.0 = Debug|Any CPU
		{1C770A40-43CB-4287-B975-5145B1EDC257}.Debug|x86.ActiveCfg = Debug|Any CPU
		{1C770A40-43CB-4287-B975-5145B1EDC257}.Debug|x86.Build.0 = Debug|Any CPU
		{1C770A40-43CB-4287-B975-5145B1EDC257}.Debug|x86.Deploy.0 = Debug|Any CPU
		{1C770A40-43CB-4287-B975-5145B1EDC257}.Release|Any CPU.ActiveCfg = Release|Any CPU
		{1C770A40-43CB-4287-B975-5145B1EDC257}.Release|Any CPU.Build.0 = Release|Any CPU
		{1C770A40-43CB-4287-B975-5145B1EDC257}.Release|Any CPU.Deploy.0 = Release|Any CPU
		{1C770A40-43CB-4287-B975-5145B1EDC257}.Release|ARM.ActiveCfg = Release|Any CPU
		{1C770A40-43CB-4287-B975-5145B1EDC257}.Release|ARM.Build.0 = Release|Any CPU
		{1C770A40-43CB-4287-B975-5145B1EDC257}.Release|ARM.Deploy.0 = Release|Any CPU
		{1C770A40-43CB-4287-B975-5145B1EDC257}.Release|iPhone.ActiveCfg = Release|Any CPU
		{1C770A40-43CB-4287-B975-5145B1EDC257}.Release|iPhone.Build.0 = Release|Any CPU
		{1C770A40-43CB-4287-B975-5145B1EDC257}.Release|iPhone.Deploy.0 = Release|Any CPU
		{1C770A40-43CB-4287-B975-5145B1EDC257}.Release|iPhoneSimulator.ActiveCfg = Release|Any CPU
		{1C770A40-43CB-4287-B975-5145B1EDC257}.Release|iPhoneSimulator.Build.0 = Release|Any CPU
		{1C770A40-43CB-4287-B975-5145B1EDC257}.Release|iPhoneSimulator.Deploy.0 = Release|Any CPU
		{1C770A40-43CB-4287-B975-5145B1EDC257}.Release|x64.ActiveCfg = Release|Any CPU
		{1C770A40-43CB-4287-B975-5145B1EDC257}.Release|x64.Build.0 = Release|Any CPU
		{1C770A40-43CB-4287-B975-5145B1EDC257}.Release|x64.Deploy.0 = Release|Any CPU
		{1C770A40-43CB-4287-B975-5145B1EDC257}.Release|x86.ActiveCfg = Release|Any CPU
		{1C770A40-43CB-4287-B975-5145B1EDC257}.Release|x86.Build.0 = Release|Any CPU
		{1C770A40-43CB-4287-B975-5145B1EDC257}.Release|x86.Deploy.0 = Release|Any CPU
		{AD2DF82E-2C7C-447E-B66A-429D75612B92}.Debug|Any CPU.ActiveCfg = Debug|iPhoneSimulator
		{AD2DF82E-2C7C-447E-B66A-429D75612B92}.Debug|Any CPU.Build.0 = Debug|iPhoneSimulator
		{AD2DF82E-2C7C-447E-B66A-429D75612B92}.Debug|Any CPU.Deploy.0 = Debug|iPhoneSimulator
		{AD2DF82E-2C7C-447E-B66A-429D75612B92}.Debug|ARM.ActiveCfg = Debug|iPhone
		{AD2DF82E-2C7C-447E-B66A-429D75612B92}.Debug|ARM.Build.0 = Debug|iPhone
		{AD2DF82E-2C7C-447E-B66A-429D75612B92}.Debug|ARM.Deploy.0 = Debug|iPhone
		{AD2DF82E-2C7C-447E-B66A-429D75612B92}.Debug|iPhone.ActiveCfg = Debug|iPhone
		{AD2DF82E-2C7C-447E-B66A-429D75612B92}.Debug|iPhone.Build.0 = Debug|iPhone
		{AD2DF82E-2C7C-447E-B66A-429D75612B92}.Debug|iPhone.Deploy.0 = Debug|iPhone
		{AD2DF82E-2C7C-447E-B66A-429D75612B92}.Debug|iPhoneSimulator.ActiveCfg = Debug|iPhoneSimulator
		{AD2DF82E-2C7C-447E-B66A-429D75612B92}.Debug|iPhoneSimulator.Build.0 = Debug|iPhoneSimulator
		{AD2DF82E-2C7C-447E-B66A-429D75612B92}.Debug|iPhoneSimulator.Deploy.0 = Debug|iPhoneSimulator
		{AD2DF82E-2C7C-447E-B66A-429D75612B92}.Debug|x64.ActiveCfg = Debug|iPhoneSimulator
		{AD2DF82E-2C7C-447E-B66A-429D75612B92}.Debug|x64.Build.0 = Debug|iPhoneSimulator
		{AD2DF82E-2C7C-447E-B66A-429D75612B92}.Debug|x64.Deploy.0 = Debug|iPhoneSimulator
		{AD2DF82E-2C7C-447E-B66A-429D75612B92}.Debug|x86.ActiveCfg = Debug|iPhoneSimulator
		{AD2DF82E-2C7C-447E-B66A-429D75612B92}.Debug|x86.Build.0 = Debug|iPhoneSimulator
		{AD2DF82E-2C7C-447E-B66A-429D75612B92}.Debug|x86.Deploy.0 = Debug|iPhoneSimulator
		{AD2DF82E-2C7C-447E-B66A-429D75612B92}.Release|Any CPU.ActiveCfg = Release|iPhoneSimulator
		{AD2DF82E-2C7C-447E-B66A-429D75612B92}.Release|Any CPU.Build.0 = Release|iPhoneSimulator
		{AD2DF82E-2C7C-447E-B66A-429D75612B92}.Release|Any CPU.Deploy.0 = Release|iPhoneSimulator
		{AD2DF82E-2C7C-447E-B66A-429D75612B92}.Release|ARM.ActiveCfg = Release|iPhoneSimulator
		{AD2DF82E-2C7C-447E-B66A-429D75612B92}.Release|ARM.Build.0 = Release|iPhoneSimulator
		{AD2DF82E-2C7C-447E-B66A-429D75612B92}.Release|ARM.Deploy.0 = Release|iPhoneSimulator
		{AD2DF82E-2C7C-447E-B66A-429D75612B92}.Release|iPhone.ActiveCfg = Release|iPhone
		{AD2DF82E-2C7C-447E-B66A-429D75612B92}.Release|iPhone.Build.0 = Release|iPhone
		{AD2DF82E-2C7C-447E-B66A-429D75612B92}.Release|iPhone.Deploy.0 = Release|iPhone
		{AD2DF82E-2C7C-447E-B66A-429D75612B92}.Release|iPhoneSimulator.ActiveCfg = Release|iPhoneSimulator
		{AD2DF82E-2C7C-447E-B66A-429D75612B92}.Release|iPhoneSimulator.Build.0 = Release|iPhoneSimulator
		{AD2DF82E-2C7C-447E-B66A-429D75612B92}.Release|iPhoneSimulator.Deploy.0 = Release|iPhoneSimulator
		{AD2DF82E-2C7C-447E-B66A-429D75612B92}.Release|x64.ActiveCfg = Release|iPhoneSimulator
		{AD2DF82E-2C7C-447E-B66A-429D75612B92}.Release|x64.Build.0 = Release|iPhoneSimulator
		{AD2DF82E-2C7C-447E-B66A-429D75612B92}.Release|x64.Deploy.0 = Release|iPhoneSimulator
		{AD2DF82E-2C7C-447E-B66A-429D75612B92}.Release|x86.ActiveCfg = Release|iPhoneSimulator
		{AD2DF82E-2C7C-447E-B66A-429D75612B92}.Release|x86.Build.0 = Release|iPhoneSimulator
		{AD2DF82E-2C7C-447E-B66A-429D75612B92}.Release|x86.Deploy.0 = Release|iPhoneSimulator
		{ECD2DBB6-786C-4539-993E-1DCE38F48E9D}.Debug|Any CPU.ActiveCfg = Debug|Any CPU
		{ECD2DBB6-786C-4539-993E-1DCE38F48E9D}.Debug|Any CPU.Build.0 = Debug|Any CPU
		{ECD2DBB6-786C-4539-993E-1DCE38F48E9D}.Debug|Any CPU.Deploy.0 = Debug|Any CPU
		{ECD2DBB6-786C-4539-993E-1DCE38F48E9D}.Debug|ARM.ActiveCfg = Debug|Any CPU
		{ECD2DBB6-786C-4539-993E-1DCE38F48E9D}.Debug|ARM.Build.0 = Debug|Any CPU
		{ECD2DBB6-786C-4539-993E-1DCE38F48E9D}.Debug|ARM.Deploy.0 = Debug|Any CPU
		{ECD2DBB6-786C-4539-993E-1DCE38F48E9D}.Debug|iPhone.ActiveCfg = Debug|Any CPU
		{ECD2DBB6-786C-4539-993E-1DCE38F48E9D}.Debug|iPhone.Build.0 = Debug|Any CPU
		{ECD2DBB6-786C-4539-993E-1DCE38F48E9D}.Debug|iPhone.Deploy.0 = Debug|Any CPU
		{ECD2DBB6-786C-4539-993E-1DCE38F48E9D}.Debug|iPhoneSimulator.ActiveCfg = Debug|Any CPU
		{ECD2DBB6-786C-4539-993E-1DCE38F48E9D}.Debug|iPhoneSimulator.Build.0 = Debug|Any CPU
		{ECD2DBB6-786C-4539-993E-1DCE38F48E9D}.Debug|iPhoneSimulator.Deploy.0 = Debug|Any CPU
		{ECD2DBB6-786C-4539-993E-1DCE38F48E9D}.Debug|x64.ActiveCfg = Debug|Any CPU
		{ECD2DBB6-786C-4539-993E-1DCE38F48E9D}.Debug|x64.Build.0 = Debug|Any CPU
		{ECD2DBB6-786C-4539-993E-1DCE38F48E9D}.Debug|x64.Deploy.0 = Debug|Any CPU
		{ECD2DBB6-786C-4539-993E-1DCE38F48E9D}.Debug|x86.ActiveCfg = Debug|Any CPU
		{ECD2DBB6-786C-4539-993E-1DCE38F48E9D}.Debug|x86.Build.0 = Debug|Any CPU
		{ECD2DBB6-786C-4539-993E-1DCE38F48E9D}.Debug|x86.Deploy.0 = Debug|Any CPU
		{ECD2DBB6-786C-4539-993E-1DCE38F48E9D}.Release|Any CPU.ActiveCfg = Release|Any CPU
		{ECD2DBB6-786C-4539-993E-1DCE38F48E9D}.Release|Any CPU.Build.0 = Release|Any CPU
		{ECD2DBB6-786C-4539-993E-1DCE38F48E9D}.Release|Any CPU.Deploy.0 = Release|Any CPU
		{ECD2DBB6-786C-4539-993E-1DCE38F48E9D}.Release|ARM.ActiveCfg = Release|Any CPU
		{ECD2DBB6-786C-4539-993E-1DCE38F48E9D}.Release|ARM.Build.0 = Release|Any CPU
		{ECD2DBB6-786C-4539-993E-1DCE38F48E9D}.Release|ARM.Deploy.0 = Release|Any CPU
		{ECD2DBB6-786C-4539-993E-1DCE38F48E9D}.Release|iPhone.ActiveCfg = Release|Any CPU
		{ECD2DBB6-786C-4539-993E-1DCE38F48E9D}.Release|iPhone.Build.0 = Release|Any CPU
		{ECD2DBB6-786C-4539-993E-1DCE38F48E9D}.Release|iPhone.Deploy.0 = Release|Any CPU
		{ECD2DBB6-786C-4539-993E-1DCE38F48E9D}.Release|iPhoneSimulator.ActiveCfg = Release|Any CPU
		{ECD2DBB6-786C-4539-993E-1DCE38F48E9D}.Release|iPhoneSimulator.Build.0 = Release|Any CPU
		{ECD2DBB6-786C-4539-993E-1DCE38F48E9D}.Release|iPhoneSimulator.Deploy.0 = Release|Any CPU
		{ECD2DBB6-786C-4539-993E-1DCE38F48E9D}.Release|x64.ActiveCfg = Release|Any CPU
		{ECD2DBB6-786C-4539-993E-1DCE38F48E9D}.Release|x64.Build.0 = Release|Any CPU
		{ECD2DBB6-786C-4539-993E-1DCE38F48E9D}.Release|x64.Deploy.0 = Release|Any CPU
		{ECD2DBB6-786C-4539-993E-1DCE38F48E9D}.Release|x86.ActiveCfg = Release|Any CPU
		{ECD2DBB6-786C-4539-993E-1DCE38F48E9D}.Release|x86.Build.0 = Release|Any CPU
		{ECD2DBB6-786C-4539-993E-1DCE38F48E9D}.Release|x86.Deploy.0 = Release|Any CPU
	EndGlobalSection
	GlobalSection(SolutionProperties) = preSolution
		HideSolutionNode = FALSE
	EndGlobalSection
	GlobalSection(ExtensibilityGlobals) = postSolution
		SolutionGuid = {3C57C791-228F-4F3F-B31B-B5D734FEE508}
	EndGlobalSection
EndGlobal
